// !$*UTF8*$!
{
	archiveVersion = 1;
	classes = {
	};
	objectVersion = 77;
	objects = {

/* Begin PBXBuildFile section */
		EEEDAB402D8AB40B00FFDF94 /* .gitignore in Resources */ = {isa = PBXBuildFile; fileRef = EEEDAB3F2D8AB40B00FFDF94 /* .gitignore */; };
		EEEDAB5A2D8AB80900FFDF94 /* SnapKit in Frameworks */ = {isa = PBXBuildFile; productRef = EEEDAB592D8AB80900FFDF94 /* SnapKit */; };
		EEEDAB5D2D8AB81900FFDF94 /* Alamofire in Frameworks */ = {isa = PBXBuildFile; productRef = EEEDAB5C2D8AB81900FFDF94 /* Alamofire */; };
		EEEDAB602D8AB85500FFDF94 /* Toast in Frameworks */ = {isa = PBXBuildFile; productRef = EEEDAB5F2D8AB85500FFDF94 /* Toast */; };
		EEEDAC2C2D8ADD4A00FFDF94 /* Kingfisher in Frameworks */ = {isa = PBXBuildFile; productRef = EEEDAC2B2D8ADD4A00FFDF94 /* Kingfisher */; };
		EEEDAC2F2D8ADD5F00FFDF94 /* RxCocoa in Frameworks */ = {isa = PBXBuildFile; productRef = EEEDAC2E2D8ADD5F00FFDF94 /* RxCocoa */; };
		EEEDAC312D8ADD5F00FFDF94 /* RxSwift in Frameworks */ = {isa = PBXBuildFile; productRef = EEEDAC302D8ADD5F00FFDF94 /* RxSwift */; };
/* End PBXBuildFile section */

/* Begin PBXFileReference section */
		EEEDAAC22D8AAAB000FFDF94 /* WebToonProject.app */ = {isa = PBXFileReference; explicitFileType = wrapper.application; includeInIndex = 0; path = WebToonProject.app; sourceTree = BUILT_PRODUCTS_DIR; };
		EEEDAB3F2D8AB40B00FFDF94 /* .gitignore */ = {isa = PBXFileReference; lastKnownFileType = text; path = .gitignore; sourceTree = "<group>"; };
/* End PBXFileReference section */

/* Begin PBXFileSystemSynchronizedBuildFileExceptionSet section */
		EEEDAAD42D8AAAB100FFDF94 /* Exceptions for "WebToonProject" folder in "WebToonProject" target */ = {
			isa = PBXFileSystemSynchronizedBuildFileExceptionSet;
			membershipExceptions = (
				Info.plist,
			);
			target = EEEDAAC12D8AAAB000FFDF94 /* WebToonProject */;
		};
/* End PBXFileSystemSynchronizedBuildFileExceptionSet section */

/* Begin PBXFileSystemSynchronizedRootGroup section */
		EEEDAAC42D8AAAB000FFDF94 /* WebToonProject */ = {
			isa = PBXFileSystemSynchronizedRootGroup;
			exceptions = (
				EEEDAAD42D8AAAB100FFDF94 /* Exceptions for "WebToonProject" folder in "WebToonProject" target */,
			);
			path = WebToonProject;
			sourceTree = "<group>";
		};
/* End PBXFileSystemSynchronizedRootGroup section */

/* Begin PBXFrameworksBuildPhase section */
		EEEDAABF2D8AAAB000FFDF94 /* Frameworks */ = {
			isa = PBXFrameworksBuildPhase;
			buildActionMask = 2147483647;
			files = (
				EEEDAC312D8ADD5F00FFDF94 /* RxSwift in Frameworks */,
				EEEDAC2C2D8ADD4A00FFDF94 /* Kingfisher in Frameworks */,
				EEEDAB602D8AB85500FFDF94 /* Toast in Frameworks */,
				EEEDAC2F2D8ADD5F00FFDF94 /* RxCocoa in Frameworks */,
				EEEDAB5A2D8AB80900FFDF94 /* SnapKit in Frameworks */,
				EEEDAB5D2D8AB81900FFDF94 /* Alamofire in Frameworks */,
			);
			runOnlyForDeploymentPostprocessing = 0;
		};
/* End PBXFrameworksBuildPhase section */

/* Begin PBXGroup section */
		EEEDAAB92D8AAAB000FFDF94 = {
			isa = PBXGroup;
			children = (
				EEEDAB3F2D8AB40B00FFDF94 /* .gitignore */,
				EEEDAAC42D8AAAB000FFDF94 /* WebToonProject */,
				EEEDAAC32D8AAAB000FFDF94 /* Products */,
			);
			sourceTree = "<group>";
		};
		EEEDAAC32D8AAAB000FFDF94 /* Products */ = {
			isa = PBXGroup;
			children = (
				EEEDAAC22D8AAAB000FFDF94 /* WebToonProject.app */,
			);
			name = Products;
			sourceTree = "<group>";
		};
/* End PBXGroup section */

/* Begin PBXNativeTarget section */
		EEEDAAC12D8AAAB000FFDF94 /* WebToonProject */ = {
			isa = PBXNativeTarget;
			buildConfigurationList = EEEDAAD52D8AAAB100FFDF94 /* Build configuration list for PBXNativeTarget "WebToonProject" */;
			buildPhases = (
				EEEDAABE2D8AAAB000FFDF94 /* Sources */,
				EEEDAABF2D8AAAB000FFDF94 /* Frameworks */,
				EEEDAAC02D8AAAB000FFDF94 /* Resources */,
			);
			buildRules = (
			);
			dependencies = (
			);
			fileSystemSynchronizedGroups = (
				EEEDAAC42D8AAAB000FFDF94 /* WebToonProject */,
			);
			name = WebToonProject;
			packageProductDependencies = (
				EEEDAB592D8AB80900FFDF94 /* SnapKit */,
				EEEDAB5C2D8AB81900FFDF94 /* Alamofire */,
				EEEDAB5F2D8AB85500FFDF94 /* Toast */,
				EEEDAC2B2D8ADD4A00FFDF94 /* Kingfisher */,
				EEEDAC2E2D8ADD5F00FFDF94 /* RxCocoa */,
				EEEDAC302D8ADD5F00FFDF94 /* RxSwift */,
			);
			productName = WebToonProject;
			productReference = EEEDAAC22D8AAAB000FFDF94 /* WebToonProject.app */;
			productType = "com.apple.product-type.application";
		};
/* End PBXNativeTarget section */

/* Begin PBXProject section */
		EEEDAABA2D8AAAB000FFDF94 /* Project object */ = {
			isa = PBXProject;
			attributes = {
				BuildIndependentTargetsInParallel = 1;
				LastSwiftUpdateCheck = 1620;
				LastUpgradeCheck = 1620;
				TargetAttributes = {
					EEEDAAC12D8AAAB000FFDF94 = {
						CreatedOnToolsVersion = 16.2;
					};
				};
			};
			buildConfigurationList = EEEDAABD2D8AAAB000FFDF94 /* Build configuration list for PBXProject "WebToonProject" */;
			developmentRegion = en;
			hasScannedForEncodings = 0;
			knownRegions = (
				en,
				Base,
				ko,
				ja,
			);
			mainGroup = EEEDAAB92D8AAAB000FFDF94;
			minimizedProjectReferenceProxies = 1;
			packageReferences = (
				EEEDAB582D8AB80900FFDF94 /* XCRemoteSwiftPackageReference "SnapKit" */,
				EEEDAB5B2D8AB81900FFDF94 /* XCRemoteSwiftPackageReference "Alamofire" */,
				EEEDAB5E2D8AB85500FFDF94 /* XCRemoteSwiftPackageReference "Toast-Swift" */,
				EEEDAC2A2D8ADD4A00FFDF94 /* XCRemoteSwiftPackageReference "Kingfisher" */,
				EEEDAC2D2D8ADD5F00FFDF94 /* XCRemoteSwiftPackageReference "RxSwift" */,
			);
			preferredProjectObjectVersion = 77;
			productRefGroup = EEEDAAC32D8AAAB000FFDF94 /* Products */;
			projectDirPath = "";
			projectRoot = "";
			targets = (
				EEEDAAC12D8AAAB000FFDF94 /* WebToonProject */,
			);
		};
/* End PBXProject section */

/* Begin PBXResourcesBuildPhase section */
		EEEDAAC02D8AAAB000FFDF94 /* Resources */ = {
			isa = PBXResourcesBuildPhase;
			buildActionMask = 2147483647;
			files = (
				EEEDAB402D8AB40B00FFDF94 /* .gitignore in Resources */,
			);
			runOnlyForDeploymentPostprocessing = 0;
		};
/* End PBXResourcesBuildPhase section */

/* Begin PBXSourcesBuildPhase section */
		EEEDAABE2D8AAAB000FFDF94 /* Sources */ = {
			isa = PBXSourcesBuildPhase;
			buildActionMask = 2147483647;
			files = (
			);
			runOnlyForDeploymentPostprocessing = 0;
		};
/* End PBXSourcesBuildPhase section */

/* Begin XCBuildConfiguration section */
		EEEDAAD62D8AAAB100FFDF94 /* Debug */ = {
			isa = XCBuildConfiguration;
			buildSettings = {
				ASSETCATALOG_COMPILER_APPICON_NAME = AppIcon;
				ASSETCATALOG_COMPILER_GLOBAL_ACCENT_COLOR_NAME = AccentColor;
				CODE_SIGN_STYLE = Automatic;
				CURRENT_PROJECT_VERSION = 1;
				DEVELOPMENT_TEAM = 6KQJH558XZ;
				GENERATE_INFOPLIST_FILE = YES;
				INFOPLIST_FILE = WebToonProject/Info.plist;
				INFOPLIST_KEY_CFBundleDisplayName = "홍규희";
				INFOPLIST_KEY_UIApplicationSupportsIndirectInputEvents = YES;
				INFOPLIST_KEY_UILaunchStoryboardName = LaunchScreen;
				INFOPLIST_KEY_UISupportedInterfaceOrientations = UIInterfaceOrientationPortrait;
				IPHONEOS_DEPLOYMENT_TARGET = 13.0;
				LD_RUNPATH_SEARCH_PATHS = (
					"$(inherited)",
					"@executable_path/Frameworks",
				);
				MARKETING_VERSION = 1.0;
				PRODUCT_BUNDLE_IDENTIFIER = com.norang.WebToonProject;
				PRODUCT_NAME = "$(TARGET_NAME)";
				SUPPORTED_PLATFORMS = "iphoneos iphonesimulator";
				SUPPORTS_MACCATALYST = NO;
				SUPPORTS_MAC_DESIGNED_FOR_IPHONE_IPAD = NO;
				SUPPORTS_XR_DESIGNED_FOR_IPHONE_IPAD = NO;
				SWIFT_EMIT_LOC_STRINGS = YES;
				SWIFT_VERSION = 5.0;
				TARGETED_DEVICE_FAMILY = "1,2";
			};
			name = Debug;
		};
		EEEDAAD72D8AAAB100FFDF94 /* Release */ = {
			isa = XCBuildConfiguration;
			buildSettings = {
				ASSETCATALOG_COMPILER_APPICON_NAME = AppIcon;
				ASSETCATALOG_COMPILER_GLOBAL_ACCENT_COLOR_NAME = AccentColor;
				CODE_SIGN_STYLE = Automatic;
				CURRENT_PROJECT_VERSION = 1;
				DEVELOPMENT_TEAM = 6KQJH558XZ;
				GENERATE_INFOPLIST_FILE = YES;
				INFOPLIST_FILE = WebToonProject/Info.plist;
				INFOPLIST_KEY_CFBundleDisplayName = "홍규희";
				INFOPLIST_KEY_UIApplicationSupportsIndirectInputEvents = YES;
				INFOPLIST_KEY_UILaunchStoryboardName = LaunchScreen;
				INFOPLIST_KEY_UISupportedInterfaceOrientations = UIInterfaceOrientationPortrait;
				IPHONEOS_DEPLOYMENT_TARGET = 13.0;
				LD_RUNPATH_SEARCH_PATHS = (
					"$(inherited)",
					"@executable_path/Frameworks",
				);
				MARKETING_VERSION = 1.0;
				PRODUCT_BUNDLE_IDENTIFIER = com.norang.WebToonProject;
				PRODUCT_NAME = "$(TARGET_NAME)";
				SUPPORTED_PLATFORMS = "iphoneos iphonesimulator";
				SUPPORTS_MACCATALYST = NO;
				SUPPORTS_MAC_DESIGNED_FOR_IPHONE_IPAD = NO;
				SUPPORTS_XR_DESIGNED_FOR_IPHONE_IPAD = NO;
				SWIFT_EMIT_LOC_STRINGS = YES;
				SWIFT_VERSION = 5.0;
				TARGETED_DEVICE_FAMILY = "1,2";
			};
			name = Release;
		};
		EEEDAAD82D8AAAB100FFDF94 /* Debug */ = {
			isa = XCBuildConfiguration;
			buildSettings = {
				ALWAYS_SEARCH_USER_PATHS = NO;
				ASSETCATALOG_COMPILER_GENERATE_SWIFT_ASSET_SYMBOL_EXTENSIONS = YES;
				CLANG_ANALYZER_NONNULL = YES;
				CLANG_ANALYZER_NUMBER_OBJECT_CONVERSION = YES_AGGRESSIVE;
				CLANG_CXX_LANGUAGE_STANDARD = "gnu++20";
				CLANG_ENABLE_MODULES = YES;
				CLANG_ENABLE_OBJC_ARC = YES;
				CLANG_ENABLE_OBJC_WEAK = YES;
				CLANG_WARN_BLOCK_CAPTURE_AUTORELEASING = YES;
				CLANG_WARN_BOOL_CONVERSION = YES;
				CLANG_WARN_COMMA = YES;
				CLANG_WARN_CONSTANT_CONVERSION = YES;
				CLANG_WARN_DEPRECATED_OBJC_IMPLEMENTATIONS = YES;
				CLANG_WARN_DIRECT_OBJC_ISA_USAGE = YES_ERROR;
				CLANG_WARN_DOCUMENTATION_COMMENTS = YES;
				CLANG_WARN_EMPTY_BODY = YES;
				CLANG_WARN_ENUM_CONVERSION = YES;
				CLANG_WARN_INFINITE_RECURSION = YES;
				CLANG_WARN_INT_CONVERSION = YES;
				CLANG_WARN_NON_LITERAL_NULL_CONVERSION = YES;
				CLANG_WARN_OBJC_IMPLICIT_RETAIN_SELF = YES;
				CLANG_WARN_OBJC_LITERAL_CONVERSION = YES;
				CLANG_WARN_OBJC_ROOT_CLASS = YES_ERROR;
				CLANG_WARN_QUOTED_INCLUDE_IN_FRAMEWORK_HEADER = YES;
				CLANG_WARN_RANGE_LOOP_ANALYSIS = YES;
				CLANG_WARN_STRICT_PROTOTYPES = YES;
				CLANG_WARN_SUSPICIOUS_MOVE = YES;
				CLANG_WARN_UNGUARDED_AVAILABILITY = YES_AGGRESSIVE;
				CLANG_WARN_UNREACHABLE_CODE = YES;
				CLANG_WARN__DUPLICATE_METHOD_MATCH = YES;
				COPY_PHASE_STRIP = NO;
				DEBUG_INFORMATION_FORMAT = dwarf;
				ENABLE_STRICT_OBJC_MSGSEND = YES;
				ENABLE_TESTABILITY = YES;
				ENABLE_USER_SCRIPT_SANDBOXING = YES;
				GCC_C_LANGUAGE_STANDARD = gnu17;
				GCC_DYNAMIC_NO_PIC = NO;
				GCC_NO_COMMON_BLOCKS = YES;
				GCC_OPTIMIZATION_LEVEL = 0;
				GCC_PREPROCESSOR_DEFINITIONS = (
					"DEBUG=1",
					"$(inherited)",
				);
				GCC_WARN_64_TO_32_BIT_CONVERSION = YES;
				GCC_WARN_ABOUT_RETURN_TYPE = YES_ERROR;
				GCC_WARN_UNDECLARED_SELECTOR = YES;
				GCC_WARN_UNINITIALIZED_AUTOS = YES_AGGRESSIVE;
				GCC_WARN_UNUSED_FUNCTION = YES;
				GCC_WARN_UNUSED_VARIABLE = YES;
				IPHONEOS_DEPLOYMENT_TARGET = 18.2;
				LOCALIZATION_PREFERS_STRING_CATALOGS = YES;
				MTL_ENABLE_DEBUG_INFO = INCLUDE_SOURCE;
				MTL_FAST_MATH = YES;
				ONLY_ACTIVE_ARCH = YES;
				SDKROOT = iphoneos;
				SWIFT_ACTIVE_COMPILATION_CONDITIONS = "DEBUG $(inherited)";
				SWIFT_EMIT_LOC_STRINGS = YES;
				SWIFT_OPTIMIZATION_LEVEL = "-Onone";
			};
			name = Debug;
		};
		EEEDAAD92D8AAAB100FFDF94 /* Release */ = {
			isa = XCBuildConfiguration;
			buildSettings = {
				ALWAYS_SEARCH_USER_PATHS = NO;
				ASSETCATALOG_COMPILER_GENERATE_SWIFT_ASSET_SYMBOL_EXTENSIONS = YES;
				CLANG_ANALYZER_NONNULL = YES;
				CLANG_ANALYZER_NUMBER_OBJECT_CONVERSION = YES_AGGRESSIVE;
				CLANG_CXX_LANGUAGE_STANDARD = "gnu++20";
				CLANG_ENABLE_MODULES = YES;
				CLANG_ENABLE_OBJC_ARC = YES;
				CLANG_ENABLE_OBJC_WEAK = YES;
				CLANG_WARN_BLOCK_CAPTURE_AUTORELEASING = YES;
				CLANG_WARN_BOOL_CONVERSION = YES;
				CLANG_WARN_COMMA = YES;
				CLANG_WARN_CONSTANT_CONVERSION = YES;
				CLANG_WARN_DEPRECATED_OBJC_IMPLEMENTATIONS = YES;
				CLANG_WARN_DIRECT_OBJC_ISA_USAGE = YES_ERROR;
				CLANG_WARN_DOCUMENTATION_COMMENTS = YES;
				CLANG_WARN_EMPTY_BODY = YES;
				CLANG_WARN_ENUM_CONVERSION = YES;
				CLANG_WARN_INFINITE_RECURSION = YES;
				CLANG_WARN_INT_CONVERSION = YES;
				CLANG_WARN_NON_LITERAL_NULL_CONVERSION = YES;
				CLANG_WARN_OBJC_IMPLICIT_RETAIN_SELF = YES;
				CLANG_WARN_OBJC_LITERAL_CONVERSION = YES;
				CLANG_WARN_OBJC_ROOT_CLASS = YES_ERROR;
				CLANG_WARN_QUOTED_INCLUDE_IN_FRAMEWORK_HEADER = YES;
				CLANG_WARN_RANGE_LOOP_ANALYSIS = YES;
				CLANG_WARN_STRICT_PROTOTYPES = YES;
				CLANG_WARN_SUSPICIOUS_MOVE = YES;
				CLANG_WARN_UNGUARDED_AVAILABILITY = YES_AGGRESSIVE;
				CLANG_WARN_UNREACHABLE_CODE = YES;
				CLANG_WARN__DUPLICATE_METHOD_MATCH = YES;
				COPY_PHASE_STRIP = NO;
				DEBUG_INFORMATION_FORMAT = "dwarf-with-dsym";
				ENABLE_NS_ASSERTIONS = NO;
				ENABLE_STRICT_OBJC_MSGSEND = YES;
				ENABLE_USER_SCRIPT_SANDBOXING = YES;
				GCC_C_LANGUAGE_STANDARD = gnu17;
				GCC_NO_COMMON_BLOCKS = YES;
				GCC_WARN_64_TO_32_BIT_CONVERSION = YES;
				GCC_WARN_ABOUT_RETURN_TYPE = YES_ERROR;
				GCC_WARN_UNDECLARED_SELECTOR = YES;
				GCC_WARN_UNINITIALIZED_AUTOS = YES_AGGRESSIVE;
				GCC_WARN_UNUSED_FUNCTION = YES;
				GCC_WARN_UNUSED_VARIABLE = YES;
				IPHONEOS_DEPLOYMENT_TARGET = 18.2;
				LOCALIZATION_PREFERS_STRING_CATALOGS = YES;
				MTL_ENABLE_DEBUG_INFO = NO;
				MTL_FAST_MATH = YES;
				SDKROOT = iphoneos;
				SWIFT_COMPILATION_MODE = wholemodule;
				SWIFT_EMIT_LOC_STRINGS = YES;
				VALIDATE_PRODUCT = YES;
			};
			name = Release;
		};
/* End XCBuildConfiguration section */

/* Begin XCConfigurationList section */
		EEEDAABD2D8AAAB000FFDF94 /* Build configuration list for PBXProject "WebToonProject" */ = {
			isa = XCConfigurationList;
			buildConfigurations = (
				EEEDAAD82D8AAAB100FFDF94 /* Debug */,
				EEEDAAD92D8AAAB100FFDF94 /* Release */,
			);
			defaultConfigurationIsVisible = 0;
			defaultConfigurationName = Release;
		};
		EEEDAAD52D8AAAB100FFDF94 /* Build configuration list for PBXNativeTarget "WebToonProject" */ = {
			isa = XCConfigurationList;
			buildConfigurations = (
				EEEDAAD62D8AAAB100FFDF94 /* Debug */,
				EEEDAAD72D8AAAB100FFDF94 /* Release */,
			);
			defaultConfigurationIsVisible = 0;
			defaultConfigurationName = Release;
		};
/* End XCConfigurationList section */

/* Begin XCRemoteSwiftPackageReference section */
		EEEDAB582D8AB80900FFDF94 /* XCRemoteSwiftPackageReference "SnapKit" */ = {
			isa = XCRemoteSwiftPackageReference;
			repositoryURL = "https://github.com/SnapKit/SnapKit.git";
			requirement = {
				kind = upToNextMajorVersion;
				minimumVersion = 5.7.1;
			};
		};
		EEEDAB5B2D8AB81900FFDF94 /* XCRemoteSwiftPackageReference "Alamofire" */ = {
			isa = XCRemoteSwiftPackageReference;
			repositoryURL = "https://github.com/Alamofire/Alamofire";
			requirement = {
				kind = upToNextMajorVersion;
				minimumVersion = 5.10.2;
			};
		};
		EEEDAB5E2D8AB85500FFDF94 /* XCRemoteSwiftPackageReference "Toast-Swift" */ = {
			isa = XCRemoteSwiftPackageReference;
			repositoryURL = "https://github.com/scalessec/Toast-Swift.git";
			requirement = {
				kind = upToNextMajorVersion;
				minimumVersion = 5.1.1;
			};
		};
		EEEDAC2A2D8ADD4A00FFDF94 /* XCRemoteSwiftPackageReference "Kingfisher" */ = {
			isa = XCRemoteSwiftPackageReference;
			repositoryURL = "https://github.com/onevcat/Kingfisher.git";
			requirement = {
				kind = upToNextMajorVersion;
				minimumVersion = 8.3.1;
			};
		};
		EEEDAC2D2D8ADD5F00FFDF94 /* XCRemoteSwiftPackageReference "RxSwift" */ = {
			isa = XCRemoteSwiftPackageReference;
			repositoryURL = "https://github.com/ReactiveX/RxSwift.git";
			requirement = {
				kind = upToNextMajorVersion;
				minimumVersion = 6.9.0;
			};
		};
/* End XCRemoteSwiftPackageReference section */

/* Begin XCSwiftPackageProductDependency section */
		EEEDAB592D8AB80900FFDF94 /* SnapKit */ = {
			isa = XCSwiftPackageProductDependency;
			package = EEEDAB582D8AB80900FFDF94 /* XCRemoteSwiftPackageReference "SnapKit" */;
			productName = SnapKit;
		};
		EEEDAB5C2D8AB81900FFDF94 /* Alamofire */ = {
			isa = XCSwiftPackageProductDependency;
			package = EEEDAB5B2D8AB81900FFDF94 /* XCRemoteSwiftPackageReference "Alamofire" */;
			productName = Alamofire;
		};
		EEEDAB5F2D8AB85500FFDF94 /* Toast */ = {
			isa = XCSwiftPackageProductDependency;
			package = EEEDAB5E2D8AB85500FFDF94 /* XCRemoteSwiftPackageReference "Toast-Swift" */;
			productName = Toast;
		};
		EEEDAC2B2D8ADD4A00FFDF94 /* Kingfisher */ = {
			isa = XCSwiftPackageProductDependency;
			package = EEEDAC2A2D8ADD4A00FFDF94 /* XCRemoteSwiftPackageReference "Kingfisher" */;
			productName = Kingfisher;
		};
		EEEDAC2E2D8ADD5F00FFDF94 /* RxCocoa */ = {
			isa = XCSwiftPackageProductDependency;
			package = EEEDAC2D2D8ADD5F00FFDF94 /* XCRemoteSwiftPackageReference "RxSwift" */;
			productName = RxCocoa;
		};
		EEEDAC302D8ADD5F00FFDF94 /* RxSwift */ = {
			isa = XCSwiftPackageProductDependency;
			package = EEEDAC2D2D8ADD5F00FFDF94 /* XCRemoteSwiftPackageReference "RxSwift" */;
			productName = RxSwift;
		};
/* End XCSwiftPackageProductDependency section */
	};
	rootObject = EEEDAABA2D8AAAB000FFDF94 /* Project object */;
}
